
Microsoft Visual Studio Solution File, Format Version 12.00
# Visual Studio 2015
Project("{FAE04EC0-301F-11D3-BF4B-00C04F79EFBC}") = "Gamecraft2016.CSharp", "Gamecraft2016.CSharp.csproj", "{F06B21FD-B496-82D6-8E37-A5E4486FB016}"
EndProject
Project("{FAE04EC0-301F-11D3-BF4B-00C04F79EFBC}") = "Gamecraft2016.CSharp.Editor", "Gamecraft2016.CSharp.Editor.csproj", "{38B53783-8FD5-25DA-D496-44471F4E5CD1}"
EndProject
Global
	GlobalSection(SolutionConfigurationPlatforms) = preSolution
		Debug|Any CPU = Debug|Any CPU
		Release|Any CPU = Release|Any CPU
	EndGlobalSection
	GlobalSection(ProjectConfigurationPlatforms) = postSolution
		{F06B21FD-B496-82D6-8E37-A5E4486FB016}.Debug|Any CPU.ActiveCfg = Debug|Any CPU
		{F06B21FD-B496-82D6-8E37-A5E4486FB016}.Debug|Any CPU.Build.0 = Debug|Any CPU
		{F06B21FD-B496-82D6-8E37-A5E4486FB016}.Release|Any CPU.ActiveCfg = Release|Any CPU
		{F06B21FD-B496-82D6-8E37-A5E4486FB016}.Release|Any CPU.Build.0 = Release|Any CPU
		{38B53783-8FD5-25DA-D496-44471F4E5CD1}.Debug|Any CPU.ActiveCfg = Debug|Any CPU
		{38B53783-8FD5-25DA-D496-44471F4E5CD1}.Debug|Any CPU.Build.0 = Debug|Any CPU
		{38B53783-8FD5-25DA-D496-44471F4E5CD1}.Release|Any CPU.ActiveCfg = Release|Any CPU
		{38B53783-8FD5-25DA-D496-44471F4E5CD1}.Release|Any CPU.Build.0 = Release|Any CPU
	EndGlobalSection
	GlobalSection(SolutionProperties) = preSolution
		HideSolutionNode = FALSE
	EndGlobalSection
EndGlobal
